
Microsoft Visual Studio Solution File, Format Version 12.00
# Visual Studio Version 16
VisualStudioVersion = 16.0.31702.278
MinimumVisualStudioVersion = 10.0.40219.1
Project("{8BC9CEB8-8B4A-11D0-8D11-00A0C91BC942}") = "Estructura basica", "Estructura basica\Estructura basica.vcxproj", "{E38CA1AF-4D01-4E55-9148-D3A52FEE7784}"
EndProject
Project("{8BC9CEB8-8B4A-11D0-8D11-00A0C91BC942}") = "Matrices vectores", "Matrices vectores\Matrices vectores.vcxproj", "{23CFEB1F-F49D-490E-B93C-3513F7176088}"
EndProject
Global
	GlobalSection(SolutionConfigurationPlatforms) = preSolution
		Debug|x64 = Debug|x64
		Debug|x86 = Debug|x86
		Release|x64 = Release|x64
		Release|x86 = Release|x86
	EndGlobalSection
	GlobalSection(ProjectConfigurationPlatforms) = postSolution
		{E38CA1AF-4D01-4E55-9148-D3A52FEE7784}.Debug|x64.ActiveCfg = Debug|x64
		{E38CA1AF-4D01-4E55-9148-D3A52FEE7784}.Debug|x64.Build.0 = Debug|x64
		{E38CA1AF-4D01-4E55-9148-D3A52FEE7784}.Debug|x86.ActiveCfg = Debug|Win32
		{E38CA1AF-4D01-4E55-9148-D3A52FEE7784}.Debug|x86.Build.0 = Debug|Win32
		{E38CA1AF-4D01-4E55-9148-D3A52FEE7784}.Release|x64.ActiveCfg = Release|x64
		{E38CA1AF-4D01-4E55-9148-D3A52FEE7784}.Release|x64.Build.0 = Release|x64
		{E38CA1AF-4D01-4E55-9148-D3A52FEE7784}.Release|x86.ActiveCfg = Release|Win32
		{E38CA1AF-4D01-4E55-9148-D3A52FEE7784}.Release|x86.Build.0 = Release|Win32
		{23CFEB1F-F49D-490E-B93C-3513F7176088}.Debug|x64.ActiveCfg = Debug|x64
		{23CFEB1F-F49D-490E-B93C-3513F7176088}.Debug|x64.Build.0 = Debug|x64
		{23CFEB1F-F49D-490E-B93C-3513F7176088}.Debug|x86.ActiveCfg = Debug|Win32
		{23CFEB1F-F49D-490E-B93C-3513F7176088}.Debug|x86.Build.0 = Debug|Win32
		{23CFEB1F-F49D-490E-B93C-3513F7176088}.Release|x64.ActiveCfg = Release|x64
		{23CFEB1F-F49D-490E-B93C-3513F7176088}.Release|x64.Build.0 = Release|x64
		{23CFEB1F-F49D-490E-B93C-3513F7176088}.Release|x86.ActiveCfg = Release|Win32
		{23CFEB1F-F49D-490E-B93C-3513F7176088}.Release|x86.Build.0 = Release|Win32
	EndGlobalSection
	GlobalSection(SolutionProperties) = preSolution
		HideSolutionNode = FALSE
	EndGlobalSection
	GlobalSection(ExtensibilityGlobals) = postSolution
		SolutionGuid = {B99905C9-BE01-401E-9B2B-F3E201B42E1E}
	EndGlobalSection
EndGlobal
