
Microsoft Visual Studio Solution File, Format Version 12.00
# Visual Studio Version 16
VisualStudioVersion = 16.0.31702.278
MinimumVisualStudioVersion = 10.0.40219.1
Project("{8BC9CEB8-8B4A-11D0-8D11-00A0C91BC942}") = "Estructura basica", "Estructura basica\Estructura basica.vcxproj", "{E38CA1AF-4D01-4E55-9148-D3A52FEE7784}"
EndProject
Project("{8BC9CEB8-8B4A-11D0-8D11-00A0C91BC942}") = "Matrices", "Matrices vectores\Matrices vectores.vcxproj", "{23CFEB1F-F49D-490E-B93C-3513F7176088}"
EndProject
Project("{8BC9CEB8-8B4A-11D0-8D11-00A0C91BC942}") = "sizeof", "sizeof\sizeof.vcxproj", "{F5011A88-16C0-439C-AE89-8294E47F4DD5}"
EndProject
Project("{8BC9CEB8-8B4A-11D0-8D11-00A0C91BC942}") = "Dimensiones variables primitivas", "Dimensiones variables primitivas\Dimensiones variables primitivas.vcxproj", "{F9E95547-D190-459D-AC00-1E1E076EFAB8}"
EndProject
Project("{8BC9CEB8-8B4A-11D0-8D11-00A0C91BC942}") = "Vectores", "Vectores\Vectores.vcxproj", "{3EAE0834-04D0-4A24-BCFE-3BB33427F97C}"
EndProject
Project("{8BC9CEB8-8B4A-11D0-8D11-00A0C91BC942}") = "Dll para CSharp", "Dll para CSHARP\Dll para CSHARP.vcxproj", "{4BDFD85A-AFBC-4063-86E2-6515BA61C89F}"
EndProject
Project("{9A19103F-16F7-4668-BE54-9A1E7A4F7556}") = "proyecto CSharp pruebas dll de cpp", "proyecto CSharp pruebas dll de cpp\proyecto CSharp pruebas dll de cpp.csproj", "{FB85154D-C706-4804-8ADE-0CDFA7C370AB}"
EndProject
Project("{8BC9CEB8-8B4A-11D0-8D11-00A0C91BC942}") = "DllParaCharp2", "DllParaCharp2\DllParaCharp2.vcxproj", "{25AAD5AC-BE61-46E5-8F9D-4678D46A13A7}"
EndProject
Project("{FAE04EC0-301F-11D3-BF4B-00C04F79EFBC}") = "ConsoleApp1", "ConsoleApp1\ConsoleApp1.csproj", "{64AFE3E0-BC3A-4A1E-9A6F-A246369B6E68}"
EndProject
Project("{8BC9CEB8-8B4A-11D0-8D11-00A0C91BC942}") = "DllArchivoDefinicion", "DllArchivoDefinicion\DllArchivoDefinicion.vcxproj", "{A5E04ECE-9A8F-4061-B0A2-852EAA61125C}"
EndProject
Project("{8BC9CEB8-8B4A-11D0-8D11-00A0C91BC942}") = "BibliotecaEstatica", "BibliotecaEstatica\BibliotecaEstatica.vcxproj", "{ADB3610E-7520-49DD-84DE-1359FC10C29F}"
EndProject
Project("{8BC9CEB8-8B4A-11D0-8D11-00A0C91BC942}") = "ConsumirBibliotecaEstatica", "ConsumirBibliotecaEstatica\ConsumirBibliotecaEstatica.vcxproj", "{0D9CDDF7-911F-4E35-8F29-B69509F1A7CA}"
EndProject
Project("{8BC9CEB8-8B4A-11D0-8D11-00A0C91BC942}") = "BibliotecaDinamica", "BibliotecaDinamica\BibliotecaDinamica.vcxproj", "{E4FC4A29-6B53-4A29-8964-645E7364DD43}"
EndProject
Project("{8BC9CEB8-8B4A-11D0-8D11-00A0C91BC942}") = "ConsumirBibliotecaDinamica", "ConsumirBibliotecaDinamica\ConsumirBibliotecaDinamica.vcxproj", "{1A43770F-5B3C-49F0-B624-CB564E195CF5}"
EndProject
Project("{2150E333-8FDC-42A3-9474-1A3956D46DE8}") = "HackerRank", "HackerRank", "{CAFBC16C-6CCE-4F2E-836D-2387001D7CD5}"
EndProject
Project("{8BC9CEB8-8B4A-11D0-8D11-00A0C91BC942}") = "2 Reto HackerRank - Tipos de datos", "2 Reto HackerRank\2 Reto HackerRank.vcxproj", "{9CFAE235-6CAF-4CC2-BC0C-53ECF0A0F4A4}"
EndProject
Project("{8BC9CEB8-8B4A-11D0-8D11-00A0C91BC942}") = "REGEX 2 Reto HackerRank - Mathing anything except a new line", "REGEX 2 Reto HackerRank - Mathing anything except a new line\REGEX 2 Reto HackerRank - Mathing anything except a new line.vcxproj", "{95B0A1FD-E0B0-4246-AD26-A9BC98672E22}"
EndProject
Project("{2150E333-8FDC-42A3-9474-1A3956D46DE8}") = "Solution Items", "Solution Items", "{A53D8B8F-473A-4AF9-87C4-DA4A5EDD2147}"
	ProjectSection(SolutionItems) = preProject
		Notas.txt = Notas.txt
		regEx - la chuleta.pdf = regEx - la chuleta.pdf
		Regular expression syntax reference .pdf = Regular expression syntax reference .pdf
	EndProjectSection
EndProject
Project("{8BC9CEB8-8B4A-11D0-8D11-00A0C91BC942}") = "3  Reto HackerRank - Condicional If", "3  Reto HackerRank - Condicional If\3  Reto HackerRank - Condicional If.vcxproj", "{6EF11C15-67C4-4693-8717-4BD126005934}"
EndProject
Global
	GlobalSection(SolutionConfigurationPlatforms) = preSolution
		Debug|Any CPU = Debug|Any CPU
		Debug|x64 = Debug|x64
		Debug|x86 = Debug|x86
		Release|Any CPU = Release|Any CPU
		Release|x64 = Release|x64
		Release|x86 = Release|x86
	EndGlobalSection
	GlobalSection(ProjectConfigurationPlatforms) = postSolution
		{E38CA1AF-4D01-4E55-9148-D3A52FEE7784}.Debug|Any CPU.ActiveCfg = Debug|Win32
		{E38CA1AF-4D01-4E55-9148-D3A52FEE7784}.Debug|x64.ActiveCfg = Debug|x64
		{E38CA1AF-4D01-4E55-9148-D3A52FEE7784}.Debug|x64.Build.0 = Debug|x64
		{E38CA1AF-4D01-4E55-9148-D3A52FEE7784}.Debug|x86.ActiveCfg = Debug|Win32
		{E38CA1AF-4D01-4E55-9148-D3A52FEE7784}.Debug|x86.Build.0 = Debug|Win32
		{E38CA1AF-4D01-4E55-9148-D3A52FEE7784}.Release|Any CPU.ActiveCfg = Release|Win32
		{E38CA1AF-4D01-4E55-9148-D3A52FEE7784}.Release|x64.ActiveCfg = Release|x64
		{E38CA1AF-4D01-4E55-9148-D3A52FEE7784}.Release|x64.Build.0 = Release|x64
		{E38CA1AF-4D01-4E55-9148-D3A52FEE7784}.Release|x86.ActiveCfg = Release|Win32
		{E38CA1AF-4D01-4E55-9148-D3A52FEE7784}.Release|x86.Build.0 = Release|Win32
		{23CFEB1F-F49D-490E-B93C-3513F7176088}.Debug|Any CPU.ActiveCfg = Debug|Win32
		{23CFEB1F-F49D-490E-B93C-3513F7176088}.Debug|x64.ActiveCfg = Debug|x64
		{23CFEB1F-F49D-490E-B93C-3513F7176088}.Debug|x64.Build.0 = Debug|x64
		{23CFEB1F-F49D-490E-B93C-3513F7176088}.Debug|x86.ActiveCfg = Debug|Win32
		{23CFEB1F-F49D-490E-B93C-3513F7176088}.Debug|x86.Build.0 = Debug|Win32
		{23CFEB1F-F49D-490E-B93C-3513F7176088}.Release|Any CPU.ActiveCfg = Release|Win32
		{23CFEB1F-F49D-490E-B93C-3513F7176088}.Release|x64.ActiveCfg = Release|x64
		{23CFEB1F-F49D-490E-B93C-3513F7176088}.Release|x64.Build.0 = Release|x64
		{23CFEB1F-F49D-490E-B93C-3513F7176088}.Release|x86.ActiveCfg = Release|Win32
		{23CFEB1F-F49D-490E-B93C-3513F7176088}.Release|x86.Build.0 = Release|Win32
		{F5011A88-16C0-439C-AE89-8294E47F4DD5}.Debug|Any CPU.ActiveCfg = Debug|Win32
		{F5011A88-16C0-439C-AE89-8294E47F4DD5}.Debug|x64.ActiveCfg = Debug|x64
		{F5011A88-16C0-439C-AE89-8294E47F4DD5}.Debug|x64.Build.0 = Debug|x64
		{F5011A88-16C0-439C-AE89-8294E47F4DD5}.Debug|x86.ActiveCfg = Debug|Win32
		{F5011A88-16C0-439C-AE89-8294E47F4DD5}.Debug|x86.Build.0 = Debug|Win32
		{F5011A88-16C0-439C-AE89-8294E47F4DD5}.Release|Any CPU.ActiveCfg = Release|Win32
		{F5011A88-16C0-439C-AE89-8294E47F4DD5}.Release|x64.ActiveCfg = Release|x64
		{F5011A88-16C0-439C-AE89-8294E47F4DD5}.Release|x64.Build.0 = Release|x64
		{F5011A88-16C0-439C-AE89-8294E47F4DD5}.Release|x86.ActiveCfg = Release|Win32
		{F5011A88-16C0-439C-AE89-8294E47F4DD5}.Release|x86.Build.0 = Release|Win32
		{F9E95547-D190-459D-AC00-1E1E076EFAB8}.Debug|Any CPU.ActiveCfg = Debug|Win32
		{F9E95547-D190-459D-AC00-1E1E076EFAB8}.Debug|x64.ActiveCfg = Debug|x64
		{F9E95547-D190-459D-AC00-1E1E076EFAB8}.Debug|x64.Build.0 = Debug|x64
		{F9E95547-D190-459D-AC00-1E1E076EFAB8}.Debug|x86.ActiveCfg = Debug|Win32
		{F9E95547-D190-459D-AC00-1E1E076EFAB8}.Debug|x86.Build.0 = Debug|Win32
		{F9E95547-D190-459D-AC00-1E1E076EFAB8}.Release|Any CPU.ActiveCfg = Release|Win32
		{F9E95547-D190-459D-AC00-1E1E076EFAB8}.Release|x64.ActiveCfg = Release|x64
		{F9E95547-D190-459D-AC00-1E1E076EFAB8}.Release|x64.Build.0 = Release|x64
		{F9E95547-D190-459D-AC00-1E1E076EFAB8}.Release|x86.ActiveCfg = Release|Win32
		{F9E95547-D190-459D-AC00-1E1E076EFAB8}.Release|x86.Build.0 = Release|Win32
		{3EAE0834-04D0-4A24-BCFE-3BB33427F97C}.Debug|Any CPU.ActiveCfg = Debug|Win32
		{3EAE0834-04D0-4A24-BCFE-3BB33427F97C}.Debug|x64.ActiveCfg = Debug|x64
		{3EAE0834-04D0-4A24-BCFE-3BB33427F97C}.Debug|x64.Build.0 = Debug|x64
		{3EAE0834-04D0-4A24-BCFE-3BB33427F97C}.Debug|x86.ActiveCfg = Debug|Win32
		{3EAE0834-04D0-4A24-BCFE-3BB33427F97C}.Debug|x86.Build.0 = Debug|Win32
		{3EAE0834-04D0-4A24-BCFE-3BB33427F97C}.Release|Any CPU.ActiveCfg = Release|Win32
		{3EAE0834-04D0-4A24-BCFE-3BB33427F97C}.Release|x64.ActiveCfg = Release|x64
		{3EAE0834-04D0-4A24-BCFE-3BB33427F97C}.Release|x64.Build.0 = Release|x64
		{3EAE0834-04D0-4A24-BCFE-3BB33427F97C}.Release|x86.ActiveCfg = Release|Win32
		{3EAE0834-04D0-4A24-BCFE-3BB33427F97C}.Release|x86.Build.0 = Release|Win32
		{4BDFD85A-AFBC-4063-86E2-6515BA61C89F}.Debug|Any CPU.ActiveCfg = Debug|Win32
		{4BDFD85A-AFBC-4063-86E2-6515BA61C89F}.Debug|x64.ActiveCfg = Debug|x64
		{4BDFD85A-AFBC-4063-86E2-6515BA61C89F}.Debug|x64.Build.0 = Debug|x64
		{4BDFD85A-AFBC-4063-86E2-6515BA61C89F}.Debug|x86.ActiveCfg = Debug|Win32
		{4BDFD85A-AFBC-4063-86E2-6515BA61C89F}.Debug|x86.Build.0 = Debug|Win32
		{4BDFD85A-AFBC-4063-86E2-6515BA61C89F}.Release|Any CPU.ActiveCfg = Release|Win32
		{4BDFD85A-AFBC-4063-86E2-6515BA61C89F}.Release|x64.ActiveCfg = Release|x64
		{4BDFD85A-AFBC-4063-86E2-6515BA61C89F}.Release|x64.Build.0 = Release|x64
		{4BDFD85A-AFBC-4063-86E2-6515BA61C89F}.Release|x86.ActiveCfg = Release|Win32
		{4BDFD85A-AFBC-4063-86E2-6515BA61C89F}.Release|x86.Build.0 = Release|Win32
		{FB85154D-C706-4804-8ADE-0CDFA7C370AB}.Debug|Any CPU.ActiveCfg = Debug|Any CPU
		{FB85154D-C706-4804-8ADE-0CDFA7C370AB}.Debug|Any CPU.Build.0 = Debug|Any CPU
		{FB85154D-C706-4804-8ADE-0CDFA7C370AB}.Debug|x64.ActiveCfg = Debug|Any CPU
		{FB85154D-C706-4804-8ADE-0CDFA7C370AB}.Debug|x64.Build.0 = Debug|Any CPU
		{FB85154D-C706-4804-8ADE-0CDFA7C370AB}.Debug|x86.ActiveCfg = Debug|Any CPU
		{FB85154D-C706-4804-8ADE-0CDFA7C370AB}.Debug|x86.Build.0 = Debug|Any CPU
		{FB85154D-C706-4804-8ADE-0CDFA7C370AB}.Release|Any CPU.ActiveCfg = Release|Any CPU
		{FB85154D-C706-4804-8ADE-0CDFA7C370AB}.Release|Any CPU.Build.0 = Release|Any CPU
		{FB85154D-C706-4804-8ADE-0CDFA7C370AB}.Release|x64.ActiveCfg = Release|Any CPU
		{FB85154D-C706-4804-8ADE-0CDFA7C370AB}.Release|x64.Build.0 = Release|Any CPU
		{FB85154D-C706-4804-8ADE-0CDFA7C370AB}.Release|x86.ActiveCfg = Release|Any CPU
		{FB85154D-C706-4804-8ADE-0CDFA7C370AB}.Release|x86.Build.0 = Release|Any CPU
		{25AAD5AC-BE61-46E5-8F9D-4678D46A13A7}.Debug|Any CPU.ActiveCfg = Debug|Win32
		{25AAD5AC-BE61-46E5-8F9D-4678D46A13A7}.Debug|x64.ActiveCfg = Debug|x64
		{25AAD5AC-BE61-46E5-8F9D-4678D46A13A7}.Debug|x64.Build.0 = Debug|x64
		{25AAD5AC-BE61-46E5-8F9D-4678D46A13A7}.Debug|x86.ActiveCfg = Debug|Win32
		{25AAD5AC-BE61-46E5-8F9D-4678D46A13A7}.Debug|x86.Build.0 = Debug|Win32
		{25AAD5AC-BE61-46E5-8F9D-4678D46A13A7}.Release|Any CPU.ActiveCfg = Release|Win32
		{25AAD5AC-BE61-46E5-8F9D-4678D46A13A7}.Release|x64.ActiveCfg = Release|x64
		{25AAD5AC-BE61-46E5-8F9D-4678D46A13A7}.Release|x64.Build.0 = Release|x64
		{25AAD5AC-BE61-46E5-8F9D-4678D46A13A7}.Release|x86.ActiveCfg = Release|Win32
		{25AAD5AC-BE61-46E5-8F9D-4678D46A13A7}.Release|x86.Build.0 = Release|Win32
		{64AFE3E0-BC3A-4A1E-9A6F-A246369B6E68}.Debug|Any CPU.ActiveCfg = Debug|Any CPU
		{64AFE3E0-BC3A-4A1E-9A6F-A246369B6E68}.Debug|Any CPU.Build.0 = Debug|Any CPU
		{64AFE3E0-BC3A-4A1E-9A6F-A246369B6E68}.Debug|x64.ActiveCfg = Debug|Any CPU
		{64AFE3E0-BC3A-4A1E-9A6F-A246369B6E68}.Debug|x64.Build.0 = Debug|Any CPU
		{64AFE3E0-BC3A-4A1E-9A6F-A246369B6E68}.Debug|x86.ActiveCfg = Debug|Any CPU
		{64AFE3E0-BC3A-4A1E-9A6F-A246369B6E68}.Debug|x86.Build.0 = Debug|Any CPU
		{64AFE3E0-BC3A-4A1E-9A6F-A246369B6E68}.Release|Any CPU.ActiveCfg = Release|Any CPU
		{64AFE3E0-BC3A-4A1E-9A6F-A246369B6E68}.Release|Any CPU.Build.0 = Release|Any CPU
		{64AFE3E0-BC3A-4A1E-9A6F-A246369B6E68}.Release|x64.ActiveCfg = Release|Any CPU
		{64AFE3E0-BC3A-4A1E-9A6F-A246369B6E68}.Release|x64.Build.0 = Release|Any CPU
		{64AFE3E0-BC3A-4A1E-9A6F-A246369B6E68}.Release|x86.ActiveCfg = Release|Any CPU
		{64AFE3E0-BC3A-4A1E-9A6F-A246369B6E68}.Release|x86.Build.0 = Release|Any CPU
		{A5E04ECE-9A8F-4061-B0A2-852EAA61125C}.Debug|Any CPU.ActiveCfg = Debug|Win32
		{A5E04ECE-9A8F-4061-B0A2-852EAA61125C}.Debug|x64.ActiveCfg = Debug|x64
		{A5E04ECE-9A8F-4061-B0A2-852EAA61125C}.Debug|x64.Build.0 = Debug|x64
		{A5E04ECE-9A8F-4061-B0A2-852EAA61125C}.Debug|x86.ActiveCfg = Debug|Win32
		{A5E04ECE-9A8F-4061-B0A2-852EAA61125C}.Debug|x86.Build.0 = Debug|Win32
		{A5E04ECE-9A8F-4061-B0A2-852EAA61125C}.Release|Any CPU.ActiveCfg = Release|Win32
		{A5E04ECE-9A8F-4061-B0A2-852EAA61125C}.Release|x64.ActiveCfg = Release|x64
		{A5E04ECE-9A8F-4061-B0A2-852EAA61125C}.Release|x64.Build.0 = Release|x64
		{A5E04ECE-9A8F-4061-B0A2-852EAA61125C}.Release|x86.ActiveCfg = Release|Win32
		{A5E04ECE-9A8F-4061-B0A2-852EAA61125C}.Release|x86.Build.0 = Release|Win32
		{ADB3610E-7520-49DD-84DE-1359FC10C29F}.Debug|Any CPU.ActiveCfg = Debug|Win32
		{ADB3610E-7520-49DD-84DE-1359FC10C29F}.Debug|x64.ActiveCfg = Debug|x64
		{ADB3610E-7520-49DD-84DE-1359FC10C29F}.Debug|x64.Build.0 = Debug|x64
		{ADB3610E-7520-49DD-84DE-1359FC10C29F}.Debug|x86.ActiveCfg = Debug|Win32
		{ADB3610E-7520-49DD-84DE-1359FC10C29F}.Debug|x86.Build.0 = Debug|Win32
		{ADB3610E-7520-49DD-84DE-1359FC10C29F}.Release|Any CPU.ActiveCfg = Release|Win32
		{ADB3610E-7520-49DD-84DE-1359FC10C29F}.Release|x64.ActiveCfg = Release|x64
		{ADB3610E-7520-49DD-84DE-1359FC10C29F}.Release|x64.Build.0 = Release|x64
		{ADB3610E-7520-49DD-84DE-1359FC10C29F}.Release|x86.ActiveCfg = Release|Win32
		{ADB3610E-7520-49DD-84DE-1359FC10C29F}.Release|x86.Build.0 = Release|Win32
		{0D9CDDF7-911F-4E35-8F29-B69509F1A7CA}.Debug|Any CPU.ActiveCfg = Debug|Win32
		{0D9CDDF7-911F-4E35-8F29-B69509F1A7CA}.Debug|x64.ActiveCfg = Debug|x64
		{0D9CDDF7-911F-4E35-8F29-B69509F1A7CA}.Debug|x64.Build.0 = Debug|x64
		{0D9CDDF7-911F-4E35-8F29-B69509F1A7CA}.Debug|x86.ActiveCfg = Debug|Win32
		{0D9CDDF7-911F-4E35-8F29-B69509F1A7CA}.Debug|x86.Build.0 = Debug|Win32
		{0D9CDDF7-911F-4E35-8F29-B69509F1A7CA}.Release|Any CPU.ActiveCfg = Release|Win32
		{0D9CDDF7-911F-4E35-8F29-B69509F1A7CA}.Release|x64.ActiveCfg = Release|x64
		{0D9CDDF7-911F-4E35-8F29-B69509F1A7CA}.Release|x64.Build.0 = Release|x64
		{0D9CDDF7-911F-4E35-8F29-B69509F1A7CA}.Release|x86.ActiveCfg = Release|Win32
		{0D9CDDF7-911F-4E35-8F29-B69509F1A7CA}.Release|x86.Build.0 = Release|Win32
		{E4FC4A29-6B53-4A29-8964-645E7364DD43}.Debug|Any CPU.ActiveCfg = Debug|Win32
		{E4FC4A29-6B53-4A29-8964-645E7364DD43}.Debug|x64.ActiveCfg = Debug|x64
		{E4FC4A29-6B53-4A29-8964-645E7364DD43}.Debug|x64.Build.0 = Debug|x64
		{E4FC4A29-6B53-4A29-8964-645E7364DD43}.Debug|x86.ActiveCfg = Debug|Win32
		{E4FC4A29-6B53-4A29-8964-645E7364DD43}.Debug|x86.Build.0 = Debug|Win32
		{E4FC4A29-6B53-4A29-8964-645E7364DD43}.Release|Any CPU.ActiveCfg = Release|Win32
		{E4FC4A29-6B53-4A29-8964-645E7364DD43}.Release|x64.ActiveCfg = Release|x64
		{E4FC4A29-6B53-4A29-8964-645E7364DD43}.Release|x64.Build.0 = Release|x64
		{E4FC4A29-6B53-4A29-8964-645E7364DD43}.Release|x86.ActiveCfg = Release|Win32
		{E4FC4A29-6B53-4A29-8964-645E7364DD43}.Release|x86.Build.0 = Release|Win32
		{1A43770F-5B3C-49F0-B624-CB564E195CF5}.Debug|Any CPU.ActiveCfg = Debug|Win32
		{1A43770F-5B3C-49F0-B624-CB564E195CF5}.Debug|x64.ActiveCfg = Debug|x64
		{1A43770F-5B3C-49F0-B624-CB564E195CF5}.Debug|x64.Build.0 = Debug|x64
		{1A43770F-5B3C-49F0-B624-CB564E195CF5}.Debug|x86.ActiveCfg = Debug|Win32
		{1A43770F-5B3C-49F0-B624-CB564E195CF5}.Debug|x86.Build.0 = Debug|Win32
		{1A43770F-5B3C-49F0-B624-CB564E195CF5}.Release|Any CPU.ActiveCfg = Release|Win32
		{1A43770F-5B3C-49F0-B624-CB564E195CF5}.Release|x64.ActiveCfg = Release|x64
		{1A43770F-5B3C-49F0-B624-CB564E195CF5}.Release|x64.Build.0 = Release|x64
		{1A43770F-5B3C-49F0-B624-CB564E195CF5}.Release|x86.ActiveCfg = Release|Win32
		{1A43770F-5B3C-49F0-B624-CB564E195CF5}.Release|x86.Build.0 = Release|Win32
		{9CFAE235-6CAF-4CC2-BC0C-53ECF0A0F4A4}.Debug|Any CPU.ActiveCfg = Debug|Win32
		{9CFAE235-6CAF-4CC2-BC0C-53ECF0A0F4A4}.Debug|x64.ActiveCfg = Debug|x64
		{9CFAE235-6CAF-4CC2-BC0C-53ECF0A0F4A4}.Debug|x64.Build.0 = Debug|x64
		{9CFAE235-6CAF-4CC2-BC0C-53ECF0A0F4A4}.Debug|x86.ActiveCfg = Debug|Win32
		{9CFAE235-6CAF-4CC2-BC0C-53ECF0A0F4A4}.Debug|x86.Build.0 = Debug|Win32
		{9CFAE235-6CAF-4CC2-BC0C-53ECF0A0F4A4}.Release|Any CPU.ActiveCfg = Release|Win32
		{9CFAE235-6CAF-4CC2-BC0C-53ECF0A0F4A4}.Release|x64.ActiveCfg = Release|x64
		{9CFAE235-6CAF-4CC2-BC0C-53ECF0A0F4A4}.Release|x64.Build.0 = Release|x64
		{9CFAE235-6CAF-4CC2-BC0C-53ECF0A0F4A4}.Release|x86.ActiveCfg = Release|Win32
		{9CFAE235-6CAF-4CC2-BC0C-53ECF0A0F4A4}.Release|x86.Build.0 = Release|Win32
		{95B0A1FD-E0B0-4246-AD26-A9BC98672E22}.Debug|Any CPU.ActiveCfg = Debug|Win32
		{95B0A1FD-E0B0-4246-AD26-A9BC98672E22}.Debug|x64.ActiveCfg = Debug|x64
		{95B0A1FD-E0B0-4246-AD26-A9BC98672E22}.Debug|x64.Build.0 = Debug|x64
		{95B0A1FD-E0B0-4246-AD26-A9BC98672E22}.Debug|x86.ActiveCfg = Debug|Win32
		{95B0A1FD-E0B0-4246-AD26-A9BC98672E22}.Debug|x86.Build.0 = Debug|Win32
		{95B0A1FD-E0B0-4246-AD26-A9BC98672E22}.Release|Any CPU.ActiveCfg = Release|Win32
		{95B0A1FD-E0B0-4246-AD26-A9BC98672E22}.Release|x64.ActiveCfg = Release|x64
		{95B0A1FD-E0B0-4246-AD26-A9BC98672E22}.Release|x64.Build.0 = Release|x64
		{95B0A1FD-E0B0-4246-AD26-A9BC98672E22}.Release|x86.ActiveCfg = Release|Win32
		{95B0A1FD-E0B0-4246-AD26-A9BC98672E22}.Release|x86.Build.0 = Release|Win32
		{6EF11C15-67C4-4693-8717-4BD126005934}.Debug|Any CPU.ActiveCfg = Debug|Win32
		{6EF11C15-67C4-4693-8717-4BD126005934}.Debug|x64.ActiveCfg = Debug|x64
		{6EF11C15-67C4-4693-8717-4BD126005934}.Debug|x64.Build.0 = Debug|x64
		{6EF11C15-67C4-4693-8717-4BD126005934}.Debug|x86.ActiveCfg = Debug|Win32
		{6EF11C15-67C4-4693-8717-4BD126005934}.Debug|x86.Build.0 = Debug|Win32
		{6EF11C15-67C4-4693-8717-4BD126005934}.Release|Any CPU.ActiveCfg = Release|Win32
		{6EF11C15-67C4-4693-8717-4BD126005934}.Release|x64.ActiveCfg = Release|x64
		{6EF11C15-67C4-4693-8717-4BD126005934}.Release|x64.Build.0 = Release|x64
		{6EF11C15-67C4-4693-8717-4BD126005934}.Release|x86.ActiveCfg = Release|Win32
		{6EF11C15-67C4-4693-8717-4BD126005934}.Release|x86.Build.0 = Release|Win32
	EndGlobalSection
	GlobalSection(SolutionProperties) = preSolution
		HideSolutionNode = FALSE
	EndGlobalSection
	GlobalSection(NestedProjects) = preSolution
		{9CFAE235-6CAF-4CC2-BC0C-53ECF0A0F4A4} = {CAFBC16C-6CCE-4F2E-836D-2387001D7CD5}
		{95B0A1FD-E0B0-4246-AD26-A9BC98672E22} = {CAFBC16C-6CCE-4F2E-836D-2387001D7CD5}
		{6EF11C15-67C4-4693-8717-4BD126005934} = {CAFBC16C-6CCE-4F2E-836D-2387001D7CD5}
	EndGlobalSection
	GlobalSection(ExtensibilityGlobals) = postSolution
		SolutionGuid = {B99905C9-BE01-401E-9B2B-F3E201B42E1E}
	EndGlobalSection
EndGlobal
